
Microsoft Visual Studio Solution File, Format Version 12.00
# Visual Studio 14
VisualStudioVersion = 14.0.25420.1
MinimumVisualStudioVersion = 10.0.40219.1
Project("{FAE04EC0-301F-11D3-BF4B-00C04F79EFBC}") = "SP12T", "SP12T\SP12T.csproj", "{301D6CA6-81E4-4335-8C3C-AF1A136F29CB}"
EndProject
Global
	GlobalSection(SolutionConfigurationPlatforms) = preSolution
		Debug|Any CPU = Debug|Any CPU
		Release|Any CPU = Release|Any CPU
	EndGlobalSection
	GlobalSection(ProjectConfigurationPlatforms) = postSolution
		{301D6CA6-81E4-4335-8C3C-AF1A136F29CB}.Debug|Any CPU.ActiveCfg = Debug|Any CPU
		{301D6CA6-81E4-4335-8C3C-AF1A136F29CB}.Debug|Any CPU.Build.0 = Debug|Any CPU
		{301D6CA6-81E4-4335-8C3C-AF1A136F29CB}.Release|Any CPU.ActiveCfg = Release|Any CPU
		{301D6CA6-81E4-4335-8C3C-AF1A136F29CB}.Release|Any CPU.Build.0 = Release|Any CPU
	EndGlobalSection
	GlobalSection(SolutionProperties) = preSolution
		HideSolutionNode = FALSE
	EndGlobalSection
EndGlobal
